
Microsoft Visual Studio Solution File, Format Version 12.00
# Visual Studio Version 17
VisualStudioVersion = 17.7.34031.279
MinimumVisualStudioVersion = 10.0.40219.1
Project("{FAE04EC0-301F-11D3-BF4B-00C04F79EFBC}") = "firtsGame-test", "firtsGame-test\firtsGame-test.csproj", "{AF338D3A-0F90-4212-95D0-67D2701C99CD}"
EndProject
Global
	GlobalSection(SolutionConfigurationPlatforms) = preSolution
		Debug|Any CPU = Debug|Any CPU
		Release|Any CPU = Release|Any CPU
	EndGlobalSection
	GlobalSection(ProjectConfigurationPlatforms) = postSolution
		{AF338D3A-0F90-4212-95D0-67D2701C99CD}.Debug|Any CPU.ActiveCfg = Debug|Any CPU
		{AF338D3A-0F90-4212-95D0-67D2701C99CD}.Debug|Any CPU.Build.0 = Debug|Any CPU
		{AF338D3A-0F90-4212-95D0-67D2701C99CD}.Release|Any CPU.ActiveCfg = Release|Any CPU
		{AF338D3A-0F90-4212-95D0-67D2701C99CD}.Release|Any CPU.Build.0 = Release|Any CPU
	EndGlobalSection
	GlobalSection(SolutionProperties) = preSolution
		HideSolutionNode = FALSE
	EndGlobalSection
	GlobalSection(ExtensibilityGlobals) = postSolution
		SolutionGuid = {301E20DD-1AD5-4CB1-B9BC-6B3B9B715FF8}
	EndGlobalSection
EndGlobal
